// !$*UTF8*$!
{
	archiveVersion = 1;
	classes = {
	};
	objectVersion = 55;
	objects = {

/* Begin PBXBuildFile section */
		092FCD3F270C9CD5002AF17E /* AppDelegate.swift in Sources */ = {isa = PBXBuildFile; fileRef = 092FCD3E270C9CD5002AF17E /* AppDelegate.swift */; };
		092FCD41270C9CD5002AF17E /* SceneDelegate.swift in Sources */ = {isa = PBXBuildFile; fileRef = 092FCD40270C9CD5002AF17E /* SceneDelegate.swift */; };
		092FCD46270C9CD5002AF17E /* Main.storyboard in Resources */ = {isa = PBXBuildFile; fileRef = 092FCD44270C9CD5002AF17E /* Main.storyboard */; };
		092FCD48270C9CD7002AF17E /* Assets.xcassets in Resources */ = {isa = PBXBuildFile; fileRef = 092FCD47270C9CD7002AF17E /* Assets.xcassets */; };
		092FCD4B270C9CD7002AF17E /* LaunchScreen.storyboard in Resources */ = {isa = PBXBuildFile; fileRef = 092FCD49270C9CD7002AF17E /* LaunchScreen.storyboard */; };
		092FCD56270C9CD7002AF17E /* CNSAPPTests.swift in Sources */ = {isa = PBXBuildFile; fileRef = 092FCD55270C9CD7002AF17E /* CNSAPPTests.swift */; };
		092FCD60270C9CD8002AF17E /* CNSAPPUITests.swift in Sources */ = {isa = PBXBuildFile; fileRef = 092FCD5F270C9CD8002AF17E /* CNSAPPUITests.swift */; };
		092FCD62270C9CD8002AF17E /* CNSAPPUITestsLaunchTests.swift in Sources */ = {isa = PBXBuildFile; fileRef = 092FCD61270C9CD8002AF17E /* CNSAPPUITestsLaunchTests.swift */; };
		092FCD6F270C9CFD002AF17E /* GoogleService-Info.plist in Resources */ = {isa = PBXBuildFile; fileRef = 092FCD6E270C9CFD002AF17E /* GoogleService-Info.plist */; };
		167E6D34271F863C00E37F25 /* CalendarViewController.swift in Sources */ = {isa = PBXBuildFile; fileRef = 167E6D33271F863C00E37F25 /* CalendarViewController.swift */; };
		1C46F19CC7D3C72A716E3EA8 /* Pods_CNSAPPTests.framework in Frameworks */ = {isa = PBXBuildFile; fileRef = F38B9B10BB08DFBE2F8DB2E8 /* Pods_CNSAPPTests.framework */; };
		590CB6D72718A9C800B856A5 /* ViewController.swift in Sources */ = {isa = PBXBuildFile; fileRef = 590CB6D62718A9C800B856A5 /* ViewController.swift */; };
		5937B711271F4B1800AEBF5E /* CentralHomeViewController.swift in Sources */ = {isa = PBXBuildFile; fileRef = 5937B710271F4B1800AEBF5E /* CentralHomeViewController.swift */; };
		594A2897270E56AA007E5391 /* SignUpViewController.swift in Sources */ = {isa = PBXBuildFile; fileRef = 594A2896270E56AA007E5391 /* SignUpViewController.swift */; };
		594A2899270E56DE007E5391 /* LoginViewController.swift in Sources */ = {isa = PBXBuildFile; fileRef = 594A2898270E56DE007E5391 /* LoginViewController.swift */; };
		594A289B270E5708007E5391 /* HomeViewController.swift in Sources */ = {isa = PBXBuildFile; fileRef = 594A289A270E5708007E5391 /* HomeViewController.swift */; };
		594E3B31271782E900FF92BF /* Constants.swift in Sources */ = {isa = PBXBuildFile; fileRef = 594E3B30271782E900FF92BF /* Constants.swift */; };
		5980B4922718B5D500CF888F /* EntryViewController.swift in Sources */ = {isa = PBXBuildFile; fileRef = 5980B4912718B5D500CF888F /* EntryViewController.swift */; };
		59B495A32713716E009A0FCF /* LoginStyling.swift in Sources */ = {isa = PBXBuildFile; fileRef = 59B495A22713716E009A0FCF /* LoginStyling.swift */; };
		8F6895F52723498900DEAEFC /* PhotosViewController.swift in Sources */ = {isa = PBXBuildFile; fileRef = 8F6895F42723498900DEAEFC /* PhotosViewController.swift */; };
		8F6895F62723498900DEAEFC /* PhotosViewController.swift in Sources */ = {isa = PBXBuildFile; fileRef = 8F6895F42723498900DEAEFC /* PhotosViewController.swift */; };
		8F6895F72723498900DEAEFC /* PhotosViewController.swift in Sources */ = {isa = PBXBuildFile; fileRef = 8F6895F42723498900DEAEFC /* PhotosViewController.swift */; };
		D268408772C20E21BC29CDC9 /* Pods_CNSAPP.framework in Frameworks */ = {isa = PBXBuildFile; fileRef = A18FEE9082FBB90D031A6235 /* Pods_CNSAPP.framework */; };
		D7043B1292F4C2C074B1CAA9 /* Pods_CNSAPP_CNSAPPUITests.framework in Frameworks */ = {isa = PBXBuildFile; fileRef = 498D71FE159F67BBA46F2C79 /* Pods_CNSAPP_CNSAPPUITests.framework */; };
/* End PBXBuildFile section */

/* Begin PBXContainerItemProxy section */
		092FCD52270C9CD7002AF17E /* PBXContainerItemProxy */ = {
			isa = PBXContainerItemProxy;
			containerPortal = 092FCD33270C9CD5002AF17E /* Project object */;
			proxyType = 1;
			remoteGlobalIDString = 092FCD3A270C9CD5002AF17E;
			remoteInfo = CNSAPP;
		};
		092FCD5C270C9CD8002AF17E /* PBXContainerItemProxy */ = {
			isa = PBXContainerItemProxy;
			containerPortal = 092FCD33270C9CD5002AF17E /* Project object */;
			proxyType = 1;
			remoteGlobalIDString = 092FCD3A270C9CD5002AF17E;
			remoteInfo = CNSAPP;
		};
/* End PBXContainerItemProxy section */

/* Begin PBXFileReference section */
		092FCD3B270C9CD5002AF17E /* CNSAPP.app */ = {isa = PBXFileReference; explicitFileType = wrapper.application; includeInIndex = 0; path = CNSAPP.app; sourceTree = BUILT_PRODUCTS_DIR; };
		092FCD3E270C9CD5002AF17E /* AppDelegate.swift */ = {isa = PBXFileReference; lastKnownFileType = sourcecode.swift; path = AppDelegate.swift; sourceTree = "<group>"; };
		092FCD40270C9CD5002AF17E /* SceneDelegate.swift */ = {isa = PBXFileReference; lastKnownFileType = sourcecode.swift; path = SceneDelegate.swift; sourceTree = "<group>"; };
		092FCD45270C9CD5002AF17E /* Base */ = {isa = PBXFileReference; lastKnownFileType = file.storyboard; name = Base; path = Base.lproj/Main.storyboard; sourceTree = "<group>"; };
		092FCD47270C9CD7002AF17E /* Assets.xcassets */ = {isa = PBXFileReference; lastKnownFileType = folder.assetcatalog; path = Assets.xcassets; sourceTree = "<group>"; };
		092FCD4A270C9CD7002AF17E /* Base */ = {isa = PBXFileReference; lastKnownFileType = file.storyboard; name = Base; path = Base.lproj/LaunchScreen.storyboard; sourceTree = "<group>"; };
		092FCD4C270C9CD7002AF17E /* Info.plist */ = {isa = PBXFileReference; lastKnownFileType = text.plist.xml; path = Info.plist; sourceTree = "<group>"; };
		092FCD51270C9CD7002AF17E /* CNSAPPTests.xctest */ = {isa = PBXFileReference; explicitFileType = wrapper.cfbundle; includeInIndex = 0; path = CNSAPPTests.xctest; sourceTree = BUILT_PRODUCTS_DIR; };
		092FCD55270C9CD7002AF17E /* CNSAPPTests.swift */ = {isa = PBXFileReference; lastKnownFileType = sourcecode.swift; path = CNSAPPTests.swift; sourceTree = "<group>"; };
		092FCD5B270C9CD8002AF17E /* CNSAPPUITests.xctest */ = {isa = PBXFileReference; explicitFileType = wrapper.cfbundle; includeInIndex = 0; path = CNSAPPUITests.xctest; sourceTree = BUILT_PRODUCTS_DIR; };
		092FCD5F270C9CD8002AF17E /* CNSAPPUITests.swift */ = {isa = PBXFileReference; lastKnownFileType = sourcecode.swift; path = CNSAPPUITests.swift; sourceTree = "<group>"; };
		092FCD61270C9CD8002AF17E /* CNSAPPUITestsLaunchTests.swift */ = {isa = PBXFileReference; lastKnownFileType = sourcecode.swift; path = CNSAPPUITestsLaunchTests.swift; sourceTree = "<group>"; };
		092FCD6E270C9CFD002AF17E /* GoogleService-Info.plist */ = {isa = PBXFileReference; fileEncoding = 4; lastKnownFileType = text.plist.xml; path = "GoogleService-Info.plist"; sourceTree = "<group>"; };
		167E6D33271F863C00E37F25 /* CalendarViewController.swift */ = {isa = PBXFileReference; lastKnownFileType = sourcecode.swift; path = CalendarViewController.swift; sourceTree = "<group>"; };
		2B28F88937F16A4D2AB4FFD0 /* Pods-CNSAPPTests.debug.xcconfig */ = {isa = PBXFileReference; includeInIndex = 1; lastKnownFileType = text.xcconfig; name = "Pods-CNSAPPTests.debug.xcconfig"; path = "Target Support Files/Pods-CNSAPPTests/Pods-CNSAPPTests.debug.xcconfig"; sourceTree = "<group>"; };
		34EAEE289C2D186AF65A2718 /* Pods-CNSAPP.release.xcconfig */ = {isa = PBXFileReference; includeInIndex = 1; lastKnownFileType = text.xcconfig; name = "Pods-CNSAPP.release.xcconfig"; path = "Target Support Files/Pods-CNSAPP/Pods-CNSAPP.release.xcconfig"; sourceTree = "<group>"; };
		4071173097941FB18FB06BF3 /* Pods-CNSAPPTests.release.xcconfig */ = {isa = PBXFileReference; includeInIndex = 1; lastKnownFileType = text.xcconfig; name = "Pods-CNSAPPTests.release.xcconfig"; path = "Target Support Files/Pods-CNSAPPTests/Pods-CNSAPPTests.release.xcconfig"; sourceTree = "<group>"; };
		498D71FE159F67BBA46F2C79 /* Pods_CNSAPP_CNSAPPUITests.framework */ = {isa = PBXFileReference; explicitFileType = wrapper.framework; includeInIndex = 0; path = Pods_CNSAPP_CNSAPPUITests.framework; sourceTree = BUILT_PRODUCTS_DIR; };
		590CB6D62718A9C800B856A5 /* ViewController.swift */ = {isa = PBXFileReference; lastKnownFileType = sourcecode.swift; path = ViewController.swift; sourceTree = "<group>"; };
		5937B710271F4B1800AEBF5E /* CentralHomeViewController.swift */ = {isa = PBXFileReference; lastKnownFileType = sourcecode.swift; path = CentralHomeViewController.swift; sourceTree = "<group>"; };
		594A2896270E56AA007E5391 /* SignUpViewController.swift */ = {isa = PBXFileReference; lastKnownFileType = sourcecode.swift; path = SignUpViewController.swift; sourceTree = "<group>"; };
		594A2898270E56DE007E5391 /* LoginViewController.swift */ = {isa = PBXFileReference; lastKnownFileType = sourcecode.swift; path = LoginViewController.swift; sourceTree = "<group>"; };
		594A289A270E5708007E5391 /* HomeViewController.swift */ = {isa = PBXFileReference; lastKnownFileType = sourcecode.swift; path = HomeViewController.swift; sourceTree = "<group>"; };
		594E3B30271782E900FF92BF /* Constants.swift */ = {isa = PBXFileReference; lastKnownFileType = sourcecode.swift; path = Constants.swift; sourceTree = "<group>"; };
		5980B4912718B5D500CF888F /* EntryViewController.swift */ = {isa = PBXFileReference; lastKnownFileType = sourcecode.swift; path = EntryViewController.swift; sourceTree = "<group>"; };
		59B495A22713716E009A0FCF /* LoginStyling.swift */ = {isa = PBXFileReference; lastKnownFileType = sourcecode.swift; path = LoginStyling.swift; sourceTree = "<group>"; };
		869D4618B36F307AE677678A /* Pods-CNSAPP.debug.xcconfig */ = {isa = PBXFileReference; includeInIndex = 1; lastKnownFileType = text.xcconfig; name = "Pods-CNSAPP.debug.xcconfig"; path = "Target Support Files/Pods-CNSAPP/Pods-CNSAPP.debug.xcconfig"; sourceTree = "<group>"; };
		8D76BDB7979BF156A0E0206C /* Pods-CNSAPP-CNSAPPUITests.release.xcconfig */ = {isa = PBXFileReference; includeInIndex = 1; lastKnownFileType = text.xcconfig; name = "Pods-CNSAPP-CNSAPPUITests.release.xcconfig"; path = "Target Support Files/Pods-CNSAPP-CNSAPPUITests/Pods-CNSAPP-CNSAPPUITests.release.xcconfig"; sourceTree = "<group>"; };
		8F6895F42723498900DEAEFC /* PhotosViewController.swift */ = {isa = PBXFileReference; fileEncoding = 4; lastKnownFileType = sourcecode.swift; path = PhotosViewController.swift; sourceTree = "<group>"; };
		A18FEE9082FBB90D031A6235 /* Pods_CNSAPP.framework */ = {isa = PBXFileReference; explicitFileType = wrapper.framework; includeInIndex = 0; path = Pods_CNSAPP.framework; sourceTree = BUILT_PRODUCTS_DIR; };
		CDDE33BAAAE71EBD0B5FB548 /* Pods-CNSAPP-CNSAPPUITests.debug.xcconfig */ = {isa = PBXFileReference; includeInIndex = 1; lastKnownFileType = text.xcconfig; name = "Pods-CNSAPP-CNSAPPUITests.debug.xcconfig"; path = "Target Support Files/Pods-CNSAPP-CNSAPPUITests/Pods-CNSAPP-CNSAPPUITests.debug.xcconfig"; sourceTree = "<group>"; };
		F38B9B10BB08DFBE2F8DB2E8 /* Pods_CNSAPPTests.framework */ = {isa = PBXFileReference; explicitFileType = wrapper.framework; includeInIndex = 0; path = Pods_CNSAPPTests.framework; sourceTree = BUILT_PRODUCTS_DIR; };
/* End PBXFileReference section */

/* Begin PBXFrameworksBuildPhase section */
		092FCD38270C9CD5002AF17E /* Frameworks */ = {
			isa = PBXFrameworksBuildPhase;
			buildActionMask = 2147483647;
			files = (
				D268408772C20E21BC29CDC9 /* Pods_CNSAPP.framework in Frameworks */,
			);
			runOnlyForDeploymentPostprocessing = 0;
		};
		092FCD4E270C9CD7002AF17E /* Frameworks */ = {
			isa = PBXFrameworksBuildPhase;
			buildActionMask = 2147483647;
			files = (
				1C46F19CC7D3C72A716E3EA8 /* Pods_CNSAPPTests.framework in Frameworks */,
			);
			runOnlyForDeploymentPostprocessing = 0;
		};
		092FCD58270C9CD8002AF17E /* Frameworks */ = {
			isa = PBXFrameworksBuildPhase;
			buildActionMask = 2147483647;
			files = (
				D7043B1292F4C2C074B1CAA9 /* Pods_CNSAPP_CNSAPPUITests.framework in Frameworks */,
			);
			runOnlyForDeploymentPostprocessing = 0;
		};
/* End PBXFrameworksBuildPhase section */

/* Begin PBXGroup section */
		092FCD32270C9CD5002AF17E = {
			isa = PBXGroup;
			children = (
				092FCD3D270C9CD5002AF17E /* CNSAPP */,
				092FCD54270C9CD7002AF17E /* CNSAPPTests */,
				092FCD5E270C9CD8002AF17E /* CNSAPPUITests */,
				092FCD3C270C9CD5002AF17E /* Products */,
				293E70662892C6ECF7EEF7CF /* Pods */,
				497B72B5CCC86000C25979BD /* Frameworks */,
			);
			sourceTree = "<group>";
		};
		092FCD3C270C9CD5002AF17E /* Products */ = {
			isa = PBXGroup;
			children = (
				092FCD3B270C9CD5002AF17E /* CNSAPP.app */,
				092FCD51270C9CD7002AF17E /* CNSAPPTests.xctest */,
				092FCD5B270C9CD8002AF17E /* CNSAPPUITests.xctest */,
			);
			name = Products;
			sourceTree = "<group>";
		};
		092FCD3D270C9CD5002AF17E /* CNSAPP */ = {
			isa = PBXGroup;
			children = (
				092FCD3E270C9CD5002AF17E /* AppDelegate.swift */,
				092FCD40270C9CD5002AF17E /* SceneDelegate.swift */,
				590CB6D62718A9C800B856A5 /* ViewController.swift */,
				59B495A427137841009A0FCF /* Page Styles */,
				594A289C270E5732007E5391 /* View Controllers */,
				092FCD44270C9CD5002AF17E /* Main.storyboard */,
				092FCD47270C9CD7002AF17E /* Assets.xcassets */,
				092FCD49270C9CD7002AF17E /* LaunchScreen.storyboard */,
				092FCD4C270C9CD7002AF17E /* Info.plist */,
				092FCD6E270C9CFD002AF17E /* GoogleService-Info.plist */,
				594E3B30271782E900FF92BF /* Constants.swift */,
			);
			path = CNSAPP;
			sourceTree = "<group>";
		};
		092FCD54270C9CD7002AF17E /* CNSAPPTests */ = {
			isa = PBXGroup;
			children = (
				092FCD55270C9CD7002AF17E /* CNSAPPTests.swift */,
			);
			path = CNSAPPTests;
			sourceTree = "<group>";
		};
		092FCD5E270C9CD8002AF17E /* CNSAPPUITests */ = {
			isa = PBXGroup;
			children = (
				092FCD5F270C9CD8002AF17E /* CNSAPPUITests.swift */,
				092FCD61270C9CD8002AF17E /* CNSAPPUITestsLaunchTests.swift */,
			);
			path = CNSAPPUITests;
			sourceTree = "<group>";
		};
		293E70662892C6ECF7EEF7CF /* Pods */ = {
			isa = PBXGroup;
			children = (
				869D4618B36F307AE677678A /* Pods-CNSAPP.debug.xcconfig */,
				34EAEE289C2D186AF65A2718 /* Pods-CNSAPP.release.xcconfig */,
				CDDE33BAAAE71EBD0B5FB548 /* Pods-CNSAPP-CNSAPPUITests.debug.xcconfig */,
				8D76BDB7979BF156A0E0206C /* Pods-CNSAPP-CNSAPPUITests.release.xcconfig */,
				2B28F88937F16A4D2AB4FFD0 /* Pods-CNSAPPTests.debug.xcconfig */,
				4071173097941FB18FB06BF3 /* Pods-CNSAPPTests.release.xcconfig */,
			);
			path = Pods;
			sourceTree = "<group>";
		};
		497B72B5CCC86000C25979BD /* Frameworks */ = {
			isa = PBXGroup;
			children = (
				A18FEE9082FBB90D031A6235 /* Pods_CNSAPP.framework */,
				498D71FE159F67BBA46F2C79 /* Pods_CNSAPP_CNSAPPUITests.framework */,
				F38B9B10BB08DFBE2F8DB2E8 /* Pods_CNSAPPTests.framework */,
			);
			name = Frameworks;
			sourceTree = "<group>";
		};
		594A289C270E5732007E5391 /* View Controllers */ = {
			isa = PBXGroup;
			children = (
				594A289A270E5708007E5391 /* HomeViewController.swift */,
				594A2898270E56DE007E5391 /* LoginViewController.swift */,
				594A2896270E56AA007E5391 /* SignUpViewController.swift */,
				8F6895F42723498900DEAEFC /* PhotosViewController.swift */,
				5980B4912718B5D500CF888F /* EntryViewController.swift */,
				5937B710271F4B1800AEBF5E /* CentralHomeViewController.swift */,
				167E6D33271F863C00E37F25 /* CalendarViewController.swift */,
			);
			path = "View Controllers";
			sourceTree = "<group>";
		};
		59B495A427137841009A0FCF /* Page Styles */ = {
			isa = PBXGroup;
			children = (
				59B495A22713716E009A0FCF /* LoginStyling.swift */,
			);
			path = "Page Styles";
			sourceTree = "<group>";
		};
/* End PBXGroup section */

/* Begin PBXNativeTarget section */
		092FCD3A270C9CD5002AF17E /* CNSAPP */ = {
			isa = PBXNativeTarget;
			buildConfigurationList = 092FCD65270C9CD8002AF17E /* Build configuration list for PBXNativeTarget "CNSAPP" */;
			buildPhases = (
				3BE0699329D136AFEAA4BFDA /* [CP] Check Pods Manifest.lock */,
				092FCD37270C9CD5002AF17E /* Sources */,
				092FCD38270C9CD5002AF17E /* Frameworks */,
				092FCD39270C9CD5002AF17E /* Resources */,
				B4C438F4C7A48A2855C20192 /* [CP] Embed Pods Frameworks */,
			);
			buildRules = (
			);
			dependencies = (
			);
			name = CNSAPP;
			productName = CNSAPP;
			productReference = 092FCD3B270C9CD5002AF17E /* CNSAPP.app */;
			productType = "com.apple.product-type.application";
		};
		092FCD50270C9CD7002AF17E /* CNSAPPTests */ = {
			isa = PBXNativeTarget;
			buildConfigurationList = 092FCD68270C9CD8002AF17E /* Build configuration list for PBXNativeTarget "CNSAPPTests" */;
			buildPhases = (
				A4BD79AA599D0411AFCA7A10 /* [CP] Check Pods Manifest.lock */,
				092FCD4D270C9CD7002AF17E /* Sources */,
				092FCD4E270C9CD7002AF17E /* Frameworks */,
				092FCD4F270C9CD7002AF17E /* Resources */,
			);
			buildRules = (
			);
			dependencies = (
				092FCD53270C9CD7002AF17E /* PBXTargetDependency */,
			);
			name = CNSAPPTests;
			productName = CNSAPPTests;
			productReference = 092FCD51270C9CD7002AF17E /* CNSAPPTests.xctest */;
			productType = "com.apple.product-type.bundle.unit-test";
		};
		092FCD5A270C9CD8002AF17E /* CNSAPPUITests */ = {
			isa = PBXNativeTarget;
			buildConfigurationList = 092FCD6B270C9CD8002AF17E /* Build configuration list for PBXNativeTarget "CNSAPPUITests" */;
			buildPhases = (
				235E2D1BB59627D3C640152D /* [CP] Check Pods Manifest.lock */,
				092FCD57270C9CD8002AF17E /* Sources */,
				092FCD58270C9CD8002AF17E /* Frameworks */,
				092FCD59270C9CD8002AF17E /* Resources */,
				A03CC173C49C363FB5CAE358 /* [CP] Embed Pods Frameworks */,
			);
			buildRules = (
			);
			dependencies = (
				092FCD5D270C9CD8002AF17E /* PBXTargetDependency */,
			);
			name = CNSAPPUITests;
			productName = CNSAPPUITests;
			productReference = 092FCD5B270C9CD8002AF17E /* CNSAPPUITests.xctest */;
			productType = "com.apple.product-type.bundle.ui-testing";
		};
/* End PBXNativeTarget section */

/* Begin PBXProject section */
		092FCD33270C9CD5002AF17E /* Project object */ = {
			isa = PBXProject;
			attributes = {
				BuildIndependentTargetsInParallel = 1;
				LastSwiftUpdateCheck = 1300;
				LastUpgradeCheck = 1300;
				TargetAttributes = {
					092FCD3A270C9CD5002AF17E = {
						CreatedOnToolsVersion = 13.0;
					};
					092FCD50270C9CD7002AF17E = {
						CreatedOnToolsVersion = 13.0;
						TestTargetID = 092FCD3A270C9CD5002AF17E;
					};
					092FCD5A270C9CD8002AF17E = {
						CreatedOnToolsVersion = 13.0;
						TestTargetID = 092FCD3A270C9CD5002AF17E;
					};
				};
			};
			buildConfigurationList = 092FCD36270C9CD5002AF17E /* Build configuration list for PBXProject "CNSAPP" */;
			compatibilityVersion = "Xcode 13.0";
			developmentRegion = en;
			hasScannedForEncodings = 0;
			knownRegions = (
				en,
				Base,
			);
			mainGroup = 092FCD32270C9CD5002AF17E;
			productRefGroup = 092FCD3C270C9CD5002AF17E /* Products */;
			projectDirPath = "";
			projectRoot = "";
			targets = (
				092FCD3A270C9CD5002AF17E /* CNSAPP */,
				092FCD50270C9CD7002AF17E /* CNSAPPTests */,
				092FCD5A270C9CD8002AF17E /* CNSAPPUITests */,
			);
		};
/* End PBXProject section */

/* Begin PBXResourcesBuildPhase section */
		092FCD39270C9CD5002AF17E /* Resources */ = {
			isa = PBXResourcesBuildPhase;
			buildActionMask = 2147483647;
			files = (
				092FCD4B270C9CD7002AF17E /* LaunchScreen.storyboard in Resources */,
				092FCD6F270C9CFD002AF17E /* GoogleService-Info.plist in Resources */,
				092FCD48270C9CD7002AF17E /* Assets.xcassets in Resources */,
				092FCD46270C9CD5002AF17E /* Main.storyboard in Resources */,
			);
			runOnlyForDeploymentPostprocessing = 0;
		};
		092FCD4F270C9CD7002AF17E /* Resources */ = {
			isa = PBXResourcesBuildPhase;
			buildActionMask = 2147483647;
			files = (
			);
			runOnlyForDeploymentPostprocessing = 0;
		};
		092FCD59270C9CD8002AF17E /* Resources */ = {
			isa = PBXResourcesBuildPhase;
			buildActionMask = 2147483647;
			files = (
			);
			runOnlyForDeploymentPostprocessing = 0;
		};
/* End PBXResourcesBuildPhase section */

/* Begin PBXShellScriptBuildPhase section */
		235E2D1BB59627D3C640152D /* [CP] Check Pods Manifest.lock */ = {
			isa = PBXShellScriptBuildPhase;
			buildActionMask = 2147483647;
			files = (
			);
			inputFileListPaths = (
			);
			inputPaths = (
				"${PODS_PODFILE_DIR_PATH}/Podfile.lock",
				"${PODS_ROOT}/Manifest.lock",
			);
			name = "[CP] Check Pods Manifest.lock";
			outputFileListPaths = (
			);
			outputPaths = (
				"$(DERIVED_FILE_DIR)/Pods-CNSAPP-CNSAPPUITests-checkManifestLockResult.txt",
			);
			runOnlyForDeploymentPostprocessing = 0;
			shellPath = /bin/sh;
			shellScript = "diff \"${PODS_PODFILE_DIR_PATH}/Podfile.lock\" \"${PODS_ROOT}/Manifest.lock\" > /dev/null\nif [ $? != 0 ] ; then\n    # print error to STDERR\n    echo \"error: The sandbox is not in sync with the Podfile.lock. Run 'pod install' or update your CocoaPods installation.\" >&2\n    exit 1\nfi\n# This output is used by Xcode 'outputs' to avoid re-running this script phase.\necho \"SUCCESS\" > \"${SCRIPT_OUTPUT_FILE_0}\"\n";
			showEnvVarsInLog = 0;
		};
		3BE0699329D136AFEAA4BFDA /* [CP] Check Pods Manifest.lock */ = {
			isa = PBXShellScriptBuildPhase;
			buildActionMask = 2147483647;
			files = (
			);
			inputFileListPaths = (
			);
			inputPaths = (
				"${PODS_PODFILE_DIR_PATH}/Podfile.lock",
				"${PODS_ROOT}/Manifest.lock",
			);
			name = "[CP] Check Pods Manifest.lock";
			outputFileListPaths = (
			);
			outputPaths = (
				"$(DERIVED_FILE_DIR)/Pods-CNSAPP-checkManifestLockResult.txt",
			);
			runOnlyForDeploymentPostprocessing = 0;
			shellPath = /bin/sh;
			shellScript = "diff \"${PODS_PODFILE_DIR_PATH}/Podfile.lock\" \"${PODS_ROOT}/Manifest.lock\" > /dev/null\nif [ $? != 0 ] ; then\n    # print error to STDERR\n    echo \"error: The sandbox is not in sync with the Podfile.lock. Run 'pod install' or update your CocoaPods installation.\" >&2\n    exit 1\nfi\n# This output is used by Xcode 'outputs' to avoid re-running this script phase.\necho \"SUCCESS\" > \"${SCRIPT_OUTPUT_FILE_0}\"\n";
			showEnvVarsInLog = 0;
		};
		A03CC173C49C363FB5CAE358 /* [CP] Embed Pods Frameworks */ = {
			isa = PBXShellScriptBuildPhase;
			buildActionMask = 2147483647;
			files = (
			);
			inputFileListPaths = (
				"${PODS_ROOT}/Target Support Files/Pods-CNSAPP-CNSAPPUITests/Pods-CNSAPP-CNSAPPUITests-frameworks-${CONFIGURATION}-input-files.xcfilelist",
			);
			name = "[CP] Embed Pods Frameworks";
			outputFileListPaths = (
				"${PODS_ROOT}/Target Support Files/Pods-CNSAPP-CNSAPPUITests/Pods-CNSAPP-CNSAPPUITests-frameworks-${CONFIGURATION}-output-files.xcfilelist",
			);
			runOnlyForDeploymentPostprocessing = 0;
			shellPath = /bin/sh;
			shellScript = "\"${PODS_ROOT}/Target Support Files/Pods-CNSAPP-CNSAPPUITests/Pods-CNSAPP-CNSAPPUITests-frameworks.sh\"\n";
			showEnvVarsInLog = 0;
		};
		A4BD79AA599D0411AFCA7A10 /* [CP] Check Pods Manifest.lock */ = {
			isa = PBXShellScriptBuildPhase;
			buildActionMask = 2147483647;
			files = (
			);
			inputFileListPaths = (
			);
			inputPaths = (
				"${PODS_PODFILE_DIR_PATH}/Podfile.lock",
				"${PODS_ROOT}/Manifest.lock",
			);
			name = "[CP] Check Pods Manifest.lock";
			outputFileListPaths = (
			);
			outputPaths = (
				"$(DERIVED_FILE_DIR)/Pods-CNSAPPTests-checkManifestLockResult.txt",
			);
			runOnlyForDeploymentPostprocessing = 0;
			shellPath = /bin/sh;
			shellScript = "diff \"${PODS_PODFILE_DIR_PATH}/Podfile.lock\" \"${PODS_ROOT}/Manifest.lock\" > /dev/null\nif [ $? != 0 ] ; then\n    # print error to STDERR\n    echo \"error: The sandbox is not in sync with the Podfile.lock. Run 'pod install' or update your CocoaPods installation.\" >&2\n    exit 1\nfi\n# This output is used by Xcode 'outputs' to avoid re-running this script phase.\necho \"SUCCESS\" > \"${SCRIPT_OUTPUT_FILE_0}\"\n";
			showEnvVarsInLog = 0;
		};
		B4C438F4C7A48A2855C20192 /* [CP] Embed Pods Frameworks */ = {
			isa = PBXShellScriptBuildPhase;
			buildActionMask = 2147483647;
			files = (
			);
			inputFileListPaths = (
				"${PODS_ROOT}/Target Support Files/Pods-CNSAPP/Pods-CNSAPP-frameworks-${CONFIGURATION}-input-files.xcfilelist",
			);
			name = "[CP] Embed Pods Frameworks";
			outputFileListPaths = (
				"${PODS_ROOT}/Target Support Files/Pods-CNSAPP/Pods-CNSAPP-frameworks-${CONFIGURATION}-output-files.xcfilelist",
			);
			runOnlyForDeploymentPostprocessing = 0;
			shellPath = /bin/sh;
			shellScript = "\"${PODS_ROOT}/Target Support Files/Pods-CNSAPP/Pods-CNSAPP-frameworks.sh\"\n";
			showEnvVarsInLog = 0;
		};
/* End PBXShellScriptBuildPhase section */

/* Begin PBXSourcesBuildPhase section */
		092FCD37270C9CD5002AF17E /* Sources */ = {
			isa = PBXSourcesBuildPhase;
			buildActionMask = 2147483647;
			files = (
				092FCD3F270C9CD5002AF17E /* AppDelegate.swift in Sources */,
				594A2897270E56AA007E5391 /* SignUpViewController.swift in Sources */,
				594A2899270E56DE007E5391 /* LoginViewController.swift in Sources */,
				167E6D34271F863C00E37F25 /* CalendarViewController.swift in Sources */,
				092FCD41270C9CD5002AF17E /* SceneDelegate.swift in Sources */,
				59B495A32713716E009A0FCF /* LoginStyling.swift in Sources */,
				5980B4922718B5D500CF888F /* EntryViewController.swift in Sources */,
				594A289B270E5708007E5391 /* HomeViewController.swift in Sources */,
				590CB6D72718A9C800B856A5 /* ViewController.swift in Sources */,
				8F6895F52723498900DEAEFC /* PhotosViewController.swift in Sources */,
				594E3B31271782E900FF92BF /* Constants.swift in Sources */,
				5937B711271F4B1800AEBF5E /* CentralHomeViewController.swift in Sources */,
			);
			runOnlyForDeploymentPostprocessing = 0;
		};
		092FCD4D270C9CD7002AF17E /* Sources */ = {
			isa = PBXSourcesBuildPhase;
			buildActionMask = 2147483647;
			files = (
				092FCD56270C9CD7002AF17E /* CNSAPPTests.swift in Sources */,
				8F6895F62723498900DEAEFC /* PhotosViewController.swift in Sources */,
			);
			runOnlyForDeploymentPostprocessing = 0;
		};
		092FCD57270C9CD8002AF17E /* Sources */ = {
			isa = PBXSourcesBuildPhase;
			buildActionMask = 2147483647;
			files = (
				8F6895F72723498900DEAEFC /* PhotosViewController.swift in Sources */,
				092FCD60270C9CD8002AF17E /* CNSAPPUITests.swift in Sources */,
				092FCD62270C9CD8002AF17E /* CNSAPPUITestsLaunchTests.swift in Sources */,
			);
			runOnlyForDeploymentPostprocessing = 0;
		};
/* End PBXSourcesBuildPhase section */

/* Begin PBXTargetDependency section */
		092FCD53270C9CD7002AF17E /* PBXTargetDependency */ = {
			isa = PBXTargetDependency;
			target = 092FCD3A270C9CD5002AF17E /* CNSAPP */;
			targetProxy = 092FCD52270C9CD7002AF17E /* PBXContainerItemProxy */;
		};
		092FCD5D270C9CD8002AF17E /* PBXTargetDependency */ = {
			isa = PBXTargetDependency;
			target = 092FCD3A270C9CD5002AF17E /* CNSAPP */;
			targetProxy = 092FCD5C270C9CD8002AF17E /* PBXContainerItemProxy */;
		};
/* End PBXTargetDependency section */

/* Begin PBXVariantGroup section */
		092FCD44270C9CD5002AF17E /* Main.storyboard */ = {
			isa = PBXVariantGroup;
			children = (
				092FCD45270C9CD5002AF17E /* Base */,
			);
			name = Main.storyboard;
			sourceTree = "<group>";
		};
		092FCD49270C9CD7002AF17E /* LaunchScreen.storyboard */ = {
			isa = PBXVariantGroup;
			children = (
				092FCD4A270C9CD7002AF17E /* Base */,
			);
			name = LaunchScreen.storyboard;
			sourceTree = "<group>";
		};
/* End PBXVariantGroup section */

/* Begin XCBuildConfiguration section */
		092FCD63270C9CD8002AF17E /* Debug */ = {
			isa = XCBuildConfiguration;
			buildSettings = {
				ALWAYS_SEARCH_USER_PATHS = NO;
				CLANG_ANALYZER_NONNULL = YES;
				CLANG_ANALYZER_NUMBER_OBJECT_CONVERSION = YES_AGGRESSIVE;
				CLANG_CXX_LANGUAGE_STANDARD = "gnu++17";
				CLANG_CXX_LIBRARY = "libc++";
				CLANG_ENABLE_MODULES = YES;
				CLANG_ENABLE_OBJC_ARC = YES;
				CLANG_ENABLE_OBJC_WEAK = YES;
				CLANG_WARN_BLOCK_CAPTURE_AUTORELEASING = YES;
				CLANG_WARN_BOOL_CONVERSION = YES;
				CLANG_WARN_COMMA = YES;
				CLANG_WARN_CONSTANT_CONVERSION = YES;
				CLANG_WARN_DEPRECATED_OBJC_IMPLEMENTATIONS = YES;
				CLANG_WARN_DIRECT_OBJC_ISA_USAGE = YES_ERROR;
				CLANG_WARN_DOCUMENTATION_COMMENTS = YES;
				CLANG_WARN_EMPTY_BODY = YES;
				CLANG_WARN_ENUM_CONVERSION = YES;
				CLANG_WARN_INFINITE_RECURSION = YES;
				CLANG_WARN_INT_CONVERSION = YES;
				CLANG_WARN_NON_LITERAL_NULL_CONVERSION = YES;
				CLANG_WARN_OBJC_IMPLICIT_RETAIN_SELF = YES;
				CLANG_WARN_OBJC_LITERAL_CONVERSION = YES;
				CLANG_WARN_OBJC_ROOT_CLASS = YES_ERROR;
				CLANG_WARN_QUOTED_INCLUDE_IN_FRAMEWORK_HEADER = YES;
				CLANG_WARN_RANGE_LOOP_ANALYSIS = YES;
				CLANG_WARN_STRICT_PROTOTYPES = YES;
				CLANG_WARN_SUSPICIOUS_MOVE = YES;
				CLANG_WARN_UNGUARDED_AVAILABILITY = YES_AGGRESSIVE;
				CLANG_WARN_UNREACHABLE_CODE = YES;
				CLANG_WARN__DUPLICATE_METHOD_MATCH = YES;
				COPY_PHASE_STRIP = NO;
				DEBUG_INFORMATION_FORMAT = dwarf;
				ENABLE_STRICT_OBJC_MSGSEND = YES;
				ENABLE_TESTABILITY = YES;
				FRAMEWORK_SEARCH_PATHS = "$(inherited)";
				"FRAMEWORK_SEARCH_PATHS[arch=*]" = "";
				GCC_C_LANGUAGE_STANDARD = gnu11;
				GCC_DYNAMIC_NO_PIC = NO;
				GCC_NO_COMMON_BLOCKS = YES;
				GCC_OPTIMIZATION_LEVEL = 0;
				GCC_PREPROCESSOR_DEFINITIONS = (
					"DEBUG=1",
					"$(inherited)",
				);
				GCC_WARN_64_TO_32_BIT_CONVERSION = YES;
				GCC_WARN_ABOUT_RETURN_TYPE = YES_ERROR;
				GCC_WARN_UNDECLARED_SELECTOR = YES;
				GCC_WARN_UNINITIALIZED_AUTOS = YES_AGGRESSIVE;
				GCC_WARN_UNUSED_FUNCTION = YES;
				GCC_WARN_UNUSED_VARIABLE = YES;
				IPHONEOS_DEPLOYMENT_TARGET = 15.0;
				MTL_ENABLE_DEBUG_INFO = INCLUDE_SOURCE;
				MTL_FAST_MATH = YES;
				ONLY_ACTIVE_ARCH = YES;
				SDKROOT = iphoneos;
				SWIFT_ACTIVE_COMPILATION_CONDITIONS = DEBUG;
				SWIFT_OPTIMIZATION_LEVEL = "-Onone";
			};
			name = Debug;
		};
		092FCD64270C9CD8002AF17E /* Release */ = {
			isa = XCBuildConfiguration;
			buildSettings = {
				ALWAYS_SEARCH_USER_PATHS = NO;
				CLANG_ANALYZER_NONNULL = YES;
				CLANG_ANALYZER_NUMBER_OBJECT_CONVERSION = YES_AGGRESSIVE;
				CLANG_CXX_LANGUAGE_STANDARD = "gnu++17";
				CLANG_CXX_LIBRARY = "libc++";
				CLANG_ENABLE_MODULES = YES;
				CLANG_ENABLE_OBJC_ARC = YES;
				CLANG_ENABLE_OBJC_WEAK = YES;
				CLANG_WARN_BLOCK_CAPTURE_AUTORELEASING = YES;
				CLANG_WARN_BOOL_CONVERSION = YES;
				CLANG_WARN_COMMA = YES;
				CLANG_WARN_CONSTANT_CONVERSION = YES;
				CLANG_WARN_DEPRECATED_OBJC_IMPLEMENTATIONS = YES;
				CLANG_WARN_DIRECT_OBJC_ISA_USAGE = YES_ERROR;
				CLANG_WARN_DOCUMENTATION_COMMENTS = YES;
				CLANG_WARN_EMPTY_BODY = YES;
				CLANG_WARN_ENUM_CONVERSION = YES;
				CLANG_WARN_INFINITE_RECURSION = YES;
				CLANG_WARN_INT_CONVERSION = YES;
				CLANG_WARN_NON_LITERAL_NULL_CONVERSION = YES;
				CLANG_WARN_OBJC_IMPLICIT_RETAIN_SELF = YES;
				CLANG_WARN_OBJC_LITERAL_CONVERSION = YES;
				CLANG_WARN_OBJC_ROOT_CLASS = YES_ERROR;
				CLANG_WARN_QUOTED_INCLUDE_IN_FRAMEWORK_HEADER = YES;
				CLANG_WARN_RANGE_LOOP_ANALYSIS = YES;
				CLANG_WARN_STRICT_PROTOTYPES = YES;
				CLANG_WARN_SUSPICIOUS_MOVE = YES;
				CLANG_WARN_UNGUARDED_AVAILABILITY = YES_AGGRESSIVE;
				CLANG_WARN_UNREACHABLE_CODE = YES;
				CLANG_WARN__DUPLICATE_METHOD_MATCH = YES;
				COPY_PHASE_STRIP = NO;
				DEBUG_INFORMATION_FORMAT = "dwarf-with-dsym";
				ENABLE_NS_ASSERTIONS = NO;
				ENABLE_STRICT_OBJC_MSGSEND = YES;
				FRAMEWORK_SEARCH_PATHS = "$(inherited)";
				"FRAMEWORK_SEARCH_PATHS[arch=*]" = "";
				GCC_C_LANGUAGE_STANDARD = gnu11;
				GCC_NO_COMMON_BLOCKS = YES;
				GCC_WARN_64_TO_32_BIT_CONVERSION = YES;
				GCC_WARN_ABOUT_RETURN_TYPE = YES_ERROR;
				GCC_WARN_UNDECLARED_SELECTOR = YES;
				GCC_WARN_UNINITIALIZED_AUTOS = YES_AGGRESSIVE;
				GCC_WARN_UNUSED_FUNCTION = YES;
				GCC_WARN_UNUSED_VARIABLE = YES;
				IPHONEOS_DEPLOYMENT_TARGET = 15.0;
				MTL_ENABLE_DEBUG_INFO = NO;
				MTL_FAST_MATH = YES;
				SDKROOT = iphoneos;
				SWIFT_COMPILATION_MODE = wholemodule;
				SWIFT_OPTIMIZATION_LEVEL = "-O";
				VALIDATE_PRODUCT = YES;
			};
			name = Release;
		};
		092FCD66270C9CD8002AF17E /* Debug */ = {
			isa = XCBuildConfiguration;
			baseConfigurationReference = 869D4618B36F307AE677678A /* Pods-CNSAPP.debug.xcconfig */;
			buildSettings = {
				ASSETCATALOG_COMPILER_APPICON_NAME = AppIcon;
				ASSETCATALOG_COMPILER_GLOBAL_ACCENT_COLOR_NAME = AccentColor;
				CODE_SIGN_STYLE = Automatic;
				CURRENT_PROJECT_VERSION = 1;
				FRAMEWORK_SEARCH_PATHS = (
					"$(inherited)",
					"\"${PODS_CONFIGURATION_BUILD_DIR}/FirebaseCore\"",
					"\"${PODS_CONFIGURATION_BUILD_DIR}/FirebaseCoreDiagnostics\"",
					"\"${PODS_CONFIGURATION_BUILD_DIR}/FirebaseInstallations\"",
					"\"${PODS_CONFIGURATION_BUILD_DIR}/GoogleDataTransport\"",
					"\"${PODS_CONFIGURATION_BUILD_DIR}/GoogleUtilities\"",
					"\"${PODS_CONFIGURATION_BUILD_DIR}/PromisesObjC\"",
					"\"${PODS_CONFIGURATION_BUILD_DIR}/nanopb\"",
					"\"${PODS_ROOT}/FirebaseAnalytics/Frameworks\"",
					"\"${PODS_ROOT}/GoogleAppMeasurement/Frameworks\"",
					"\"${PODS_XCFRAMEWORKS_BUILD_DIR}/FirebaseAnalytics/AdIdSupport\"",
					"\"${PODS_XCFRAMEWORKS_BUILD_DIR}/GoogleAppMeasurement/AdIdSupport\"",
					"\"${PODS_XCFRAMEWORKS_BUILD_DIR}/GoogleAppMeasurement/WithoutAdIdSupport\"",
				);
				GENERATE_INFOPLIST_FILE = YES;
				INFOPLIST_FILE = CNSAPP/Info.plist;
				INFOPLIST_KEY_UIApplicationSupportsIndirectInputEvents = YES;
				INFOPLIST_KEY_UILaunchStoryboardName = LaunchScreen;
				INFOPLIST_KEY_UIMainStoryboardFile = Main;
				INFOPLIST_KEY_UISupportedInterfaceOrientations_iPad = "UIInterfaceOrientationPortrait UIInterfaceOrientationPortraitUpsideDown UIInterfaceOrientationLandscapeLeft UIInterfaceOrientationLandscapeRight";
				INFOPLIST_KEY_UISupportedInterfaceOrientations_iPhone = "UIInterfaceOrientationPortrait UIInterfaceOrientationLandscapeLeft UIInterfaceOrientationLandscapeRight";
				LD_RUNPATH_SEARCH_PATHS = (
					"$(inherited)",
					"@executable_path/Frameworks",
				);
				MARKETING_VERSION = 1.0;
				PRODUCT_BUNDLE_IDENTIFIER = com.dsuCapstone.CNSAPP;
				PRODUCT_NAME = "$(TARGET_NAME)";
				SWIFT_EMIT_LOC_STRINGS = YES;
				SWIFT_VERSION = 5.0;
				TARGETED_DEVICE_FAMILY = "1,2";
			};
			name = Debug;
		};
		092FCD67270C9CD8002AF17E /* Release */ = {
			isa = XCBuildConfiguration;
			baseConfigurationReference = 34EAEE289C2D186AF65A2718 /* Pods-CNSAPP.release.xcconfig */;
			buildSettings = {
				ASSETCATALOG_COMPILER_APPICON_NAME = AppIcon;
				ASSETCATALOG_COMPILER_GLOBAL_ACCENT_COLOR_NAME = AccentColor;
				CODE_SIGN_STYLE = Automatic;
				CURRENT_PROJECT_VERSION = 1;
				GENERATE_INFOPLIST_FILE = YES;
				INFOPLIST_FILE = CNSAPP/Info.plist;
				INFOPLIST_KEY_UIApplicationSupportsIndirectInputEvents = YES;
				INFOPLIST_KEY_UILaunchStoryboardName = LaunchScreen;
				INFOPLIST_KEY_UIMainStoryboardFile = Main;
				INFOPLIST_KEY_UISupportedInterfaceOrientations_iPad = "UIInterfaceOrientationPortrait UIInterfaceOrientationPortraitUpsideDown UIInterfaceOrientationLandscapeLeft UIInterfaceOrientationLandscapeRight";
				INFOPLIST_KEY_UISupportedInterfaceOrientations_iPhone = "UIInterfaceOrientationPortrait UIInterfaceOrientationLandscapeLeft UIInterfaceOrientationLandscapeRight";
				LD_RUNPATH_SEARCH_PATHS = (
					"$(inherited)",
					"@executable_path/Frameworks",
				);
				MARKETING_VERSION = 1.0;
				PRODUCT_BUNDLE_IDENTIFIER = com.dsuCapstone.CNSAPP;
				PRODUCT_NAME = "$(TARGET_NAME)";
				SWIFT_EMIT_LOC_STRINGS = YES;
				SWIFT_VERSION = 5.0;
				TARGETED_DEVICE_FAMILY = "1,2";
			};
			name = Release;
		};
		092FCD69270C9CD8002AF17E /* Debug */ = {
			isa = XCBuildConfiguration;
			baseConfigurationReference = 2B28F88937F16A4D2AB4FFD0 /* Pods-CNSAPPTests.debug.xcconfig */;
			buildSettings = {
				ALWAYS_EMBED_SWIFT_STANDARD_LIBRARIES = YES;
				BUNDLE_LOADER = "$(TEST_HOST)";
				CODE_SIGN_STYLE = Automatic;
				CURRENT_PROJECT_VERSION = 1;
				FRAMEWORK_SEARCH_PATHS = "$(inherited)";
				"FRAMEWORK_SEARCH_PATHS[arch=*]" = "";
				GENERATE_INFOPLIST_FILE = YES;
				IPHONEOS_DEPLOYMENT_TARGET = 15.0;
				LD_RUNPATH_SEARCH_PATHS = (
					"$(inherited)",
					"@executable_path/Frameworks",
					"@loader_path/Frameworks",
				);
				MARKETING_VERSION = 1.0;
				PRODUCT_BUNDLE_IDENTIFIER = com.dsuCapstone.CNSAPPTests;
				PRODUCT_NAME = "$(TARGET_NAME)";
				SWIFT_EMIT_LOC_STRINGS = NO;
				SWIFT_VERSION = 5.0;
				TARGETED_DEVICE_FAMILY = "1,2";
				TEST_HOST = "$(BUILT_PRODUCTS_DIR)/CNSAPP.app/CNSAPP";
			};
			name = Debug;
		};
		092FCD6A270C9CD8002AF17E /* Release */ = {
			isa = XCBuildConfiguration;
			baseConfigurationReference = 4071173097941FB18FB06BF3 /* Pods-CNSAPPTests.release.xcconfig */;
			buildSettings = {
				ALWAYS_EMBED_SWIFT_STANDARD_LIBRARIES = YES;
				BUNDLE_LOADER = "$(TEST_HOST)";
				CODE_SIGN_STYLE = Automatic;
				CURRENT_PROJECT_VERSION = 1;
				FRAMEWORK_SEARCH_PATHS = "$(inherited)";
				"FRAMEWORK_SEARCH_PATHS[arch=*]" = "";
				GENERATE_INFOPLIST_FILE = YES;
				IPHONEOS_DEPLOYMENT_TARGET = 15.0;
				LD_RUNPATH_SEARCH_PATHS = (
					"$(inherited)",
					"@executable_path/Frameworks",
					"@loader_path/Frameworks",
				);
				MARKETING_VERSION = 1.0;
				PRODUCT_BUNDLE_IDENTIFIER = com.dsuCapstone.CNSAPPTests;
				PRODUCT_NAME = "$(TARGET_NAME)";
				SWIFT_EMIT_LOC_STRINGS = NO;
				SWIFT_VERSION = 5.0;
				TARGETED_DEVICE_FAMILY = "1,2";
				TEST_HOST = "$(BUILT_PRODUCTS_DIR)/CNSAPP.app/CNSAPP";
			};
			name = Release;
		};
		092FCD6C270C9CD8002AF17E /* Debug */ = {
			isa = XCBuildConfiguration;
			baseConfigurationReference = CDDE33BAAAE71EBD0B5FB548 /* Pods-CNSAPP-CNSAPPUITests.debug.xcconfig */;
			buildSettings = {
				ALWAYS_EMBED_SWIFT_STANDARD_LIBRARIES = YES;
				CODE_SIGN_STYLE = Automatic;
				CURRENT_PROJECT_VERSION = 1;
				GENERATE_INFOPLIST_FILE = YES;
				LD_RUNPATH_SEARCH_PATHS = (
					"$(inherited)",
					"@executable_path/Frameworks",
					"@loader_path/Frameworks",
				);
				MARKETING_VERSION = 1.0;
				PRODUCT_BUNDLE_IDENTIFIER = com.dsuCapstone.CNSAPPUITests;
				PRODUCT_NAME = "$(TARGET_NAME)";
				SWIFT_EMIT_LOC_STRINGS = NO;
				SWIFT_VERSION = 5.0;
				TARGETED_DEVICE_FAMILY = "1,2";
				TEST_TARGET_NAME = CNSAPP;
			};
			name = Debug;
		};
		092FCD6D270C9CD8002AF17E /* Release */ = {
			isa = XCBuildConfiguration;
			baseConfigurationReference = 8D76BDB7979BF156A0E0206C /* Pods-CNSAPP-CNSAPPUITests.release.xcconfig */;
			buildSettings = {
				ALWAYS_EMBED_SWIFT_STANDARD_LIBRARIES = YES;
				CODE_SIGN_STYLE = Automatic;
				CURRENT_PROJECT_VERSION = 1;
				GENERATE_INFOPLIST_FILE = YES;
				LD_RUNPATH_SEARCH_PATHS = (
					"$(inherited)",
					"@executable_path/Frameworks",
					"@loader_path/Frameworks",
				);
				MARKETING_VERSION = 1.0;
				PRODUCT_BUNDLE_IDENTIFIER = com.dsuCapstone.CNSAPPUITests;
				PRODUCT_NAME = "$(TARGET_NAME)";
				SWIFT_EMIT_LOC_STRINGS = NO;
				SWIFT_VERSION = 5.0;
				TARGETED_DEVICE_FAMILY = "1,2";
				TEST_TARGET_NAME = CNSAPP;
			};
			name = Release;
		};
/* End XCBuildConfiguration section */

/* Begin XCConfigurationList section */
		092FCD36270C9CD5002AF17E /* Build configuration list for PBXProject "CNSAPP" */ = {
			isa = XCConfigurationList;
			buildConfigurations = (
				092FCD63270C9CD8002AF17E /* Debug */,
				092FCD64270C9CD8002AF17E /* Release */,
			);
			defaultConfigurationIsVisible = 0;
			defaultConfigurationName = Release;
		};
		092FCD65270C9CD8002AF17E /* Build configuration list for PBXNativeTarget "CNSAPP" */ = {
			isa = XCConfigurationList;
			buildConfigurations = (
				092FCD66270C9CD8002AF17E /* Debug */,
				092FCD67270C9CD8002AF17E /* Release */,
			);
			defaultConfigurationIsVisible = 0;
			defaultConfigurationName = Release;
		};
		092FCD68270C9CD8002AF17E /* Build configuration list for PBXNativeTarget "CNSAPPTests" */ = {
			isa = XCConfigurationList;
			buildConfigurations = (
				092FCD69270C9CD8002AF17E /* Debug */,
				092FCD6A270C9CD8002AF17E /* Release */,
			);
			defaultConfigurationIsVisible = 0;
			defaultConfigurationName = Release;
		};
		092FCD6B270C9CD8002AF17E /* Build configuration list for PBXNativeTarget "CNSAPPUITests" */ = {
			isa = XCConfigurationList;
			buildConfigurations = (
				092FCD6C270C9CD8002AF17E /* Debug */,
				092FCD6D270C9CD8002AF17E /* Release */,
			);
			defaultConfigurationIsVisible = 0;
			defaultConfigurationName = Release;
		};
/* End XCConfigurationList section */
	};
	rootObject = 092FCD33270C9CD5002AF17E /* Project object */;
}
